
Microsoft Visual Studio Solution File, Format Version 12.00
# Visual Studio Version 16
VisualStudioVersion = 16.0.29721.120
MinimumVisualStudioVersion = 10.0.40219.1
Project("{9A19103F-16F7-4668-BE54-9A1E7A4F7556}") = "KnockKnockTest", "KnockKnockTest\KnockKnockTest.csproj", "{371B1285-D08F-4975-B31D-01E01FEED1AB}"
EndProject
Project("{9A19103F-16F7-4668-BE54-9A1E7A4F7556}") = "KnockKnockTest.UnitTests", "KnockKnockTest.UnitTests\KnockKnockTest.UnitTests.csproj", "{D7628E5A-52FB-4995-9FB7-243F6963B8E4}"
EndProject
Global
	GlobalSection(SolutionConfigurationPlatforms) = preSolution
		Debug|Any CPU = Debug|Any CPU
		Release|Any CPU = Release|Any CPU
	EndGlobalSection
	GlobalSection(ProjectConfigurationPlatforms) = postSolution
		{371B1285-D08F-4975-B31D-01E01FEED1AB}.Debug|Any CPU.ActiveCfg = Debug|Any CPU
		{371B1285-D08F-4975-B31D-01E01FEED1AB}.Debug|Any CPU.Build.0 = Debug|Any CPU
		{371B1285-D08F-4975-B31D-01E01FEED1AB}.Release|Any CPU.ActiveCfg = Release|Any CPU
		{371B1285-D08F-4975-B31D-01E01FEED1AB}.Release|Any CPU.Build.0 = Release|Any CPU
		{D7628E5A-52FB-4995-9FB7-243F6963B8E4}.Debug|Any CPU.ActiveCfg = Debug|Any CPU
		{D7628E5A-52FB-4995-9FB7-243F6963B8E4}.Debug|Any CPU.Build.0 = Debug|Any CPU
		{D7628E5A-52FB-4995-9FB7-243F6963B8E4}.Release|Any CPU.ActiveCfg = Release|Any CPU
		{D7628E5A-52FB-4995-9FB7-243F6963B8E4}.Release|Any CPU.Build.0 = Release|Any CPU
	EndGlobalSection
	GlobalSection(SolutionProperties) = preSolution
		HideSolutionNode = FALSE
	EndGlobalSection
	GlobalSection(ExtensibilityGlobals) = postSolution
		SolutionGuid = {E53EA28C-356F-4C46-8E35-5434AB7ACFD8}
	EndGlobalSection
EndGlobal
